{
    "requires": true,
    "lockfileVersion": 1,
    "dependencies": {
        "sweetalert2": {
            "version": "8.10.3",
            "resolved": "https://registry.npmjs.org/sweetalert2/-/sweetalert2-8.10.3.tgz",
            "integrity": "sha512-ldc+Auoo9GzQlOIDqEVwREklNO281Z6GZXR4TB9iq8xCUOK482ls03zrxkP5NoZHP2vHqmZdIqTHbWnjsRpNVg=="
        }
    }
}
